
Microsoft Visual Studio Solution File, Format Version 12.00
# Visual Studio Version 17
VisualStudioVersion = 17.5.33502.453
MinimumVisualStudioVersion = 10.0.40219.1
Project("{FAE04EC0-301F-11D3-BF4B-00C04F79EFBC}") = "ksıasıanav", "ksıasıanav.csproj", "{958BE2FF-855B-4C6A-A4FA-8D71C981AFCA}"
EndProject
Global
	GlobalSection(SolutionConfigurationPlatforms) = preSolution
		Debug|Any CPU = Debug|Any CPU
		Release|Any CPU = Release|Any CPU
	EndGlobalSection
	GlobalSection(ProjectConfigurationPlatforms) = postSolution
		{958BE2FF-855B-4C6A-A4FA-8D71C981AFCA}.Debug|Any CPU.ActiveCfg = Debug|Any CPU
		{958BE2FF-855B-4C6A-A4FA-8D71C981AFCA}.Debug|Any CPU.Build.0 = Debug|Any CPU
		{958BE2FF-855B-4C6A-A4FA-8D71C981AFCA}.Release|Any CPU.ActiveCfg = Release|Any CPU
		{958BE2FF-855B-4C6A-A4FA-8D71C981AFCA}.Release|Any CPU.Build.0 = Release|Any CPU
	EndGlobalSection
	GlobalSection(SolutionProperties) = preSolution
		HideSolutionNode = FALSE
	EndGlobalSection
	GlobalSection(ExtensibilityGlobals) = postSolution
		SolutionGuid = {8ADB2977-58EB-4F87-A1E4-7DAB131539C6}
	EndGlobalSection
EndGlobal
